
Microsoft Visual Studio Solution File, Format Version 12.00
# Visual Studio Version 17
VisualStudioVersion = 17.10.35201.131
MinimumVisualStudioVersion = 10.0.40219.1
Project("{2150E333-8FDC-42A3-9474-1A3956D46DE8}") = "shared", "shared", "{BCB2B36F-30D2-4B00-802B-52BDB4CB9E0F}"
	ProjectSection(SolutionItems) = preProject
		shared\GeneralAssemblyInfo.cs = shared\GeneralAssemblyInfo.cs
	EndProjectSection
EndProject
Project("{2150E333-8FDC-42A3-9474-1A3956D46DE8}") = "tests", "tests", "{E737BE4D-6DFF-4A67-A3D9-2AC58BFBBC07}"
EndProject
Project("{2150E333-8FDC-42A3-9474-1A3956D46DE8}") = "Solution Items", "Solution Items", "{B0B98BC9-8BCC-4788-BF9A-01CC73D1AEFF}"
	ProjectSection(SolutionItems) = preProject
		.editorconfig = .editorconfig
	EndProjectSection
EndProject
Project("{9A19103F-16F7-4668-BE54-9A1E7A4F7556}") = "TryToExecute", "TryToExecute\TryToExecute.csproj", "{C709A7BD-9C3C-42C9-9340-52FB8C2461C3}"
EndProject
Project("{FAE04EC0-301F-11D3-BF4B-00C04F79EFBC}") = "TryExecuteTests", "tests\TryExecuteTests\TryExecuteTests.csproj", "{4F51D3A4-0705-44E4-BE94-320E3FF7B765}"
EndProject
Global
	GlobalSection(SolutionConfigurationPlatforms) = preSolution
		Debug|Any CPU = Debug|Any CPU
		Release|Any CPU = Release|Any CPU
	EndGlobalSection
	GlobalSection(ProjectConfigurationPlatforms) = postSolution
		{C709A7BD-9C3C-42C9-9340-52FB8C2461C3}.Debug|Any CPU.ActiveCfg = Debug|Any CPU
		{C709A7BD-9C3C-42C9-9340-52FB8C2461C3}.Debug|Any CPU.Build.0 = Debug|Any CPU
		{C709A7BD-9C3C-42C9-9340-52FB8C2461C3}.Release|Any CPU.ActiveCfg = Release|Any CPU
		{C709A7BD-9C3C-42C9-9340-52FB8C2461C3}.Release|Any CPU.Build.0 = Release|Any CPU
		{4F51D3A4-0705-44E4-BE94-320E3FF7B765}.Debug|Any CPU.ActiveCfg = Debug|Any CPU
		{4F51D3A4-0705-44E4-BE94-320E3FF7B765}.Debug|Any CPU.Build.0 = Debug|Any CPU
		{4F51D3A4-0705-44E4-BE94-320E3FF7B765}.Release|Any CPU.ActiveCfg = Release|Any CPU
		{4F51D3A4-0705-44E4-BE94-320E3FF7B765}.Release|Any CPU.Build.0 = Release|Any CPU
	EndGlobalSection
	GlobalSection(SolutionProperties) = preSolution
		HideSolutionNode = FALSE
	EndGlobalSection
	GlobalSection(NestedProjects) = preSolution
		{4F51D3A4-0705-44E4-BE94-320E3FF7B765} = {E737BE4D-6DFF-4A67-A3D9-2AC58BFBBC07}
	EndGlobalSection
	GlobalSection(ExtensibilityGlobals) = postSolution
		SolutionGuid = {4B5BD8B8-58AD-47B4-B85A-E7242D47B9FE}
		BuildVersion_BuildVersioningStyle = None.None.Increment.TimeStamp
		BuildVersion_UpdateAssemblyVersion = True
		BuildVersion_UpdateFileVersion = True
		BuildVersion_StartDate = 2024/12/4
		BuildVersion_AssemblyInfoFilename = shared\GeneralAssemblyInfo.cs
		BuildVersion_ConfigurationName = Release
		BuildVersion_UseUniversalClock = True
	EndGlobalSection
EndGlobal
